<?xml version="1.0" encoding="utf-8"?>
<Project ToolsVersion="4.0" xmlns="http://schemas.microsoft.com/developer/msbuild/2003">
  <ItemGroup>
    <Filter Include="Source Files">
      <UniqueIdentifier>{4FC737F1-C7A5-4376-A066-2A32D752A2FF}</UniqueIdentifier>
      <Extensions>cpp;c;cc;cxx;def;odl;idl;hpj;bat;asm;asmx</Extensions>
    </Filter>
    <Filter Include="Header Files">
      <UniqueIdentifier>{93995380-89BD-4b04-88EB-625FBE52EBFB}</UniqueIdentifier>
      <Extensions>h;hh;hpp;hxx;hm;inl;inc;xsd</Extensions>
    </Filter>
    <Filter Include="Resource Files">
      <UniqueIdentifier>{67DA6AB6-F800-4c08-8B7A-83BB121AAD01}</UniqueIdentifier>
      <Extensions>rc;ico;cur;bmp;dlg;rc2;rct;bin;rgs;gif;jpg;jpeg;jpe;resx;tiff;tif;png;wav;mfcribbon-ms</Extensions>
    </Filter>
  </ItemGroup>
  <ItemGroup>
    <ClCompile Include="GLFWTest.cpp">
      <Filter>Source Files</Filter>
    </ClCompile>
    <ClCompile Include="simpleScene.cpp">
      <Filter>Source Files</Filter>
    </ClCompile>
    <ClCompile Include="common\loadShader.cpp">
      <Filter>Source Files</Filter>
    </ClCompile>
    <ClCompile Include="pyramidScene.cpp">
      <Filter>Source Files</Filter>
    </ClCompile>
    <ClCompile Include="common\pipeline.cpp">
      <Filter>Source Files</Filter>
    </ClCompile>
    <ClCompile Include="heightMapScene.cpp">
      <Filter>Source Files</Filter>
    </ClCompile>
    <ClCompile Include="textureScene.cpp">
      <Filter>Source Files</Filter>
    </ClCompile>
    <ClCompile Include="common\vertexBufferObject.cpp">
      <Filter>Source Files</Filter>
    </ClCompile>
    <ClCompile Include="common\texture.cpp">
      <Filter>Source Files</Filter>
    </ClCompile>
    <ClCompile Include="common\controls.cpp">
      <Filter>Source Files</Filter>
    </ClCompile>
    <ClCompile Include="common\skybox.cpp">
      <Filter>Source Files</Filter>
    </ClCompile>
    <ClCompile Include="common\assimpModel.cpp">
      <Filter>Source Files</Filter>
    </ClCompile>
    <ClCompile Include="assimpScene.cpp">
      <Filter>Source Files</Filter>
    </ClCompile>
    <ClCompile Include="static_geometry.cpp">
      <Filter>Source Files</Filter>
    </ClCompile>
    <ClCompile Include="projTextureMappingScene.cpp">
      <Filter>Source Files</Filter>
    </ClCompile>
    <ClCompile Include="lightingScene.cpp">
      <Filter>Source Files</Filter>
    </ClCompile>
    <ClCompile Include="frameBuffersScene.cpp">
      <Filter>Source Files</Filter>
    </ClCompile>
    <ClCompile Include="shadowMappingScene.cpp">
      <Filter>Source Files</Filter>
    </ClCompile>
    <ClCompile Include="common\camera.cpp">
      <Filter>Source Files</Filter>
    </ClCompile>
    <ClCompile Include="PTMTestScene.cpp">
      <Filter>Source Files</Filter>
    </ClCompile>
    <ClCompile Include="RawDepthPipeline.cpp">
      <Filter>Source Files</Filter>
    </ClCompile>
    <ClCompile Include="PointCloudScene.cpp">
      <Filter>Source Files</Filter>
    </ClCompile>
    <ClCompile Include="GeometryShaderScene.cpp">
      <Filter>Source Files</Filter>
    </ClCompile>
    <ClCompile Include="MarchingCubesScene.cpp">
      <Filter>Source Files</Filter>
    </ClCompile>
    <ClCompile Include="MarchingCubes.cpp">
      <Filter>Source Files</Filter>
    </ClCompile>
    <ClCompile Include="PCLReconstructionScene.cpp">
      <Filter>Source Files</Filter>
    </ClCompile>
    <ClCompile Include="PCLGreedyReconstruction.cpp">
      <Filter>Source Files</Filter>
    </ClCompile>
    <ClCompile Include="hpmc\src\buildpass.cpp">
      <Filter>Source Files</Filter>
    </ClCompile>
    <ClCompile Include="hpmc\src\constants.cpp">
      <Filter>Source Files</Filter>
    </ClCompile>
    <ClCompile Include="hpmc\src\hpiface.cpp">
      <Filter>Source Files</Filter>
    </ClCompile>
    <ClCompile Include="hpmc\src\init.cpp">
      <Filter>Source Files</Filter>
    </ClCompile>
    <ClCompile Include="hpmc\src\shaderbuild.cpp">
      <Filter>Source Files</Filter>
    </ClCompile>
    <ClCompile Include="hpmc\src\shadergen.cpp">
      <Filter>Source Files</Filter>
    </ClCompile>
    <ClCompile Include="hpmc\src\tables.cpp">
      <Filter>Source Files</Filter>
    </ClCompile>
    <ClCompile Include="hpmc\src\texfbosetup.cpp">
      <Filter>Source Files</Filter>
    </ClCompile>
    <ClCompile Include="hpmc\src\triface.cpp">
      <Filter>Source Files</Filter>
    </ClCompile>
    <ClCompile Include="hpmc\src\util.cpp">
      <Filter>Source Files</Filter>
    </ClCompile>
    <ClCompile Include="HPMCScene.cpp">
      <Filter>Source Files</Filter>
    </ClCompile>
    <ClCompile Include="PointCloudPCLScene.cpp">
      <Filter>Source Files</Filter>
    </ClCompile>
    <ClCompile Include="PointCloudPTMScene.cpp">
      <Filter>Source Files</Filter>
    </ClCompile>
    <ClCompile Include="text.cpp">
      <Filter>Source Files</Filter>
    </ClCompile>
  </ItemGroup>
  <ItemGroup>
    <ClInclude Include="simpleScene.h">
      <Filter>Header Files</Filter>
    </ClInclude>
    <ClInclude Include="common\loadShader.h">
      <Filter>Header Files</Filter>
    </ClInclude>
    <ClInclude Include="common\pipeline.h">
      <Filter>Header Files</Filter>
    </ClInclude>
    <ClInclude Include="pyramidScene.h">
      <Filter>Header Files</Filter>
    </ClInclude>
    <ClInclude Include="heightMapScene.h">
      <Filter>Header Files</Filter>
    </ClInclude>
    <ClInclude Include="textureScene.h">
      <Filter>Header Files</Filter>
    </ClInclude>
    <ClInclude Include="common\vertexBufferObject.h">
      <Filter>Header Files</Filter>
    </ClInclude>
    <ClInclude Include="common\texture.h">
      <Filter>Header Files</Filter>
    </ClInclude>
    <ClInclude Include="static_geometry.h">
      <Filter>Header Files</Filter>
    </ClInclude>
    <ClInclude Include="common\controls.h">
      <Filter>Header Files</Filter>
    </ClInclude>
    <ClInclude Include="common\skybox.h">
      <Filter>Header Files</Filter>
    </ClInclude>
    <ClInclude Include="common\assimpModel.h">
      <Filter>Header Files</Filter>
    </ClInclude>
    <ClInclude Include="assimpScene.h">
      <Filter>Header Files</Filter>
    </ClInclude>
    <ClInclude Include="projTextureMappingScene.h">
      <Filter>Header Files</Filter>
    </ClInclude>
    <ClInclude Include="lightingScene.h">
      <Filter>Header Files</Filter>
    </ClInclude>
    <ClInclude Include="frameBuffersScene.h">
      <Filter>Header Files</Filter>
    </ClInclude>
    <ClInclude Include="shadowMappingScene.h">
      <Filter>Header Files</Filter>
    </ClInclude>
    <ClInclude Include="common\camera.h">
      <Filter>Header Files</Filter>
    </ClInclude>
    <ClInclude Include="PTMTestScene.h">
      <Filter>Header Files</Filter>
    </ClInclude>
    <ClInclude Include="RawDepthPipeline.h">
      <Filter>Header Files</Filter>
    </ClInclude>
    <ClInclude Include="PointCloudScene.h">
      <Filter>Header Files</Filter>
    </ClInclude>
    <ClInclude Include="GeometryShaderScene.h">
      <Filter>Header Files</Filter>
    </ClInclude>
    <ClInclude Include="MarchingCubesScene.h">
      <Filter>Header Files</Filter>
    </ClInclude>
    <ClInclude Include="MarchingCubes.h">
      <Filter>Header Files</Filter>
    </ClInclude>
    <ClInclude Include="PCLReconstructionScene.h">
      <Filter>Header Files</Filter>
    </ClInclude>
    <ClInclude Include="PCLGreedyReconstruction.h">
      <Filter>Header Files</Filter>
    </ClInclude>
    <ClInclude Include="hpmc\include\hpmc.h">
      <Filter>Header Files</Filter>
    </ClInclude>
    <ClInclude Include="hpmc\include\hpmc_internal.h">
      <Filter>Header Files</Filter>
    </ClInclude>
    <ClInclude Include="HPMCScene.h">
      <Filter>Header Files</Filter>
    </ClInclude>
    <ClInclude Include="PointCloudPCLScene.h">
      <Filter>Header Files</Filter>
    </ClInclude>
    <ClInclude Include="PointCloudPTMScene.h">
      <Filter>Header Files</Filter>
    </ClInclude>
    <ClInclude Include="text.h">
      <Filter>Header Files</Filter>
    </ClInclude>
  </ItemGroup>
  <ItemGroup>
    <None Include="assets\shaders\shader.vert" />
    <None Include="assets\shaders\shader.frag" />
    <None Include="assets\shaders\shader_hm.vert" />
    <None Include="assets\shaders\shader_hm.frag" />
    <None Include="assets\shaders\shader_tex.vert" />
    <None Include="assets\shaders\shader_tex.frag" />
    <None Include="assets\shaders\shader_ptm.frag" />
    <None Include="assets\shaders\shader_ptm.vert" />
    <None Include="assets\shaders\dirLight.vert" />
    <None Include="assets\shaders\dirLight.frag" />
    <None Include="assets\shaders\ptm.frag" />
    <None Include="assets\shaders\ptm.vert" />
    <None Include="assets\shaders\post_process.frag" />
    <None Include="assets\shaders\post_process.vert" />
    <None Include="assets\shaders\pre_process.frag" />
    <None Include="assets\shaders\pre_process.vert" />
    <None Include="assets\shaders\depthRTT.frag" />
    <None Include="assets\shaders\depthRTT.vert" />
    <None Include="assets\shaders\shadow_map.frag" />
    <None Include="assets\shaders\shadow_map.vert" />
    <None Include="assets\shaders\simpleTexture.frag" />
    <None Include="assets\shaders\passthrough.vert" />
    <None Include="assets\shaders\simple.frag" />
    <None Include="assets\shaders\simple.vert" />
    <None Include="assets\shaders\color.frag" />
    <None Include="assets\shaders\color.vert" />
    <None Include="assets\shaders\geometry.vert" />
    <None Include="assets\shaders\geometry.geom" />
    <None Include="assets\shaders\geometry.frag" />
    <None Include="assets\shaders\marchingCubes.frag" />
    <None Include="assets\shaders\marchingCubes.geom" />
    <None Include="assets\shaders\marchingCubes.vert" />
    <None Include="assets\shaders\dirLight_simple.frag" />
    <None Include="assets\shaders\dirLight_simple.vert" />
    <None Include="assets\pcl\bun0.pcd">
      <Filter>Resource Files</Filter>
    </None>
    <None Include="assets\shaders\hpmc_th_flat.vert" />
    <None Include="assets\shaders\hpmc_th_shaded.frag" />
    <None Include="assets\shaders\hpmc_th_shaded.vert" />
    <None Include="assets\volume\bonsai.raw">
      <Filter>Resource Files</Filter>
    </None>
    <None Include="assets\shaders\ptm_color.frag" />
    <None Include="assets\shaders\ptm_color.vert" />
    <None Include="assets\shaders\heatMap.frag" />
    <None Include="assets\shaders\heatMap.vert" />
    <None Include="assets\shaders\text.frag" />
    <None Include="assets\shaders\text.vert" />
  </ItemGroup>
</Project>